
Microsoft Visual Studio Solution File, Format Version 12.00
# Visual Studio Version 17
VisualStudioVersion = 17.14.36930.0 d17.14
MinimumVisualStudioVersion = 10.0.40219.1
Project("{FAE04EC0-301F-11D3-BF4B-00C04F79EFBC}") = "WpfApp_2", "WpfApp_2\WpfApp_2.csproj", "{6680A067-B045-42C8-8048-D9F19A5F4A26}"
EndProject
Global
	GlobalSection(SolutionConfigurationPlatforms) = preSolution
		Debug|Any CPU = Debug|Any CPU
		Release|Any CPU = Release|Any CPU
	EndGlobalSection
	GlobalSection(ProjectConfigurationPlatforms) = postSolution
		{6680A067-B045-42C8-8048-D9F19A5F4A26}.Debug|Any CPU.ActiveCfg = Debug|Any CPU
		{6680A067-B045-42C8-8048-D9F19A5F4A26}.Debug|Any CPU.Build.0 = Debug|Any CPU
		{6680A067-B045-42C8-8048-D9F19A5F4A26}.Release|Any CPU.ActiveCfg = Release|Any CPU
		{6680A067-B045-42C8-8048-D9F19A5F4A26}.Release|Any CPU.Build.0 = Release|Any CPU
	EndGlobalSection
	GlobalSection(SolutionProperties) = preSolution
		HideSolutionNode = FALSE
	EndGlobalSection
	GlobalSection(ExtensibilityGlobals) = postSolution
		SolutionGuid = {158803B6-4E08-4A66-9D90-B2A627C2E2DF}
	EndGlobalSection
EndGlobal
